
Microsoft Visual Studio Solution File, Format Version 12.00
# Visual Studio 15
VisualStudioVersion = 15.0.28010.2050
MinimumVisualStudioVersion = 10.0.40219.1
Project("{FAE04EC0-301F-11D3-BF4B-00C04F79EFBC}") = "WpfApp1", "WpfApp1\WpfApp1.csproj", "{7C091EF3-2426-440A-91E7-9F315ACC13C6}"
EndProject
Global
	GlobalSection(SolutionConfigurationPlatforms) = preSolution
		Debug|Any CPU = Debug|Any CPU
		Release|Any CPU = Release|Any CPU
	EndGlobalSection
	GlobalSection(ProjectConfigurationPlatforms) = postSolution
		{7C091EF3-2426-440A-91E7-9F315ACC13C6}.Debug|Any CPU.ActiveCfg = Debug|Any CPU
		{7C091EF3-2426-440A-91E7-9F315ACC13C6}.Debug|Any CPU.Build.0 = Debug|Any CPU
		{7C091EF3-2426-440A-91E7-9F315ACC13C6}.Release|Any CPU.ActiveCfg = Release|Any CPU
		{7C091EF3-2426-440A-91E7-9F315ACC13C6}.Release|Any CPU.Build.0 = Release|Any CPU
	EndGlobalSection
	GlobalSection(SolutionProperties) = preSolution
		HideSolutionNode = FALSE
	EndGlobalSection
	GlobalSection(ExtensibilityGlobals) = postSolution
		SolutionGuid = {1C9835DA-0A1F-4D5E-9620-3A7273679571}
	EndGlobalSection
EndGlobal
